GEM
  remote: https://rubygems.org/
  specs:
    base64 (0.3.0)
    bigdecimal (3.3.1)
    csv (3.3.5)
    dotenv (3.2.0)
    fileutils (1.8.0)
    httparty (0.23.2)
      csv
      mini_mime (>= 1.0.0)
      multi_xml (>= 0.5.2)
    logger (1.7.0)
    mini_mime (1.1.5)
    multi_xml (0.7.2)
      bigdecimal (~> 3.1)
    nokogiri (1.18.10-arm64-darwin)
      racc (~> 1.4)
    racc (1.8.1)
    rexml (3.4.4)
    ruby-progressbar (1.13.0)
    rubyzip (3.2.2)
    selenium-webdriver (4.39.0)
      base64 (~> 0.2)
      logger (~> 1.4)
      rexml (~> 3.2, >= 3.2.5)
      rubyzip (>= 1.2.2, < 4.0)
      websocket (~> 1.0)
    websocket (1.2.11)

PLATFORMS
  arm64-darwin-25

DEPENDENCIES
  dotenv (~> 3.2)
  fileutils (~> 1.8)
  httparty (~> 0.23.2)
  nokogiri (~> 1.18)
  ruby-progressbar (~> 1.13)
  selenium-webdriver (~> 4.39)

BUNDLED WITH
   2.7.2
